{
  "name": "athena-ide-atom",
  "version": "0.0.1",
  "lockfileVersion": 1,
  "requires": true,
  "dependencies": {
    "luaparse": {
      "version": "0.2.1",
      "resolved": "https://registry.npmjs.org/luaparse/-/luaparse-0.2.1.tgz",
      "integrity": "sha1-qo9WEysN6X0388mRqd9C4OF/ZWw="
    }
  }
}
